<?xml version="1.0" encoding="utf-8"?>
<Project ToolsVersion="4.0" xmlns="http://schemas.microsoft.com/developer/msbuild/2003">
  <ItemGroup>
    <Filter Include="Source Files">
      <UniqueIdentifier>{4FC737F1-C7A5-4376-A066-2A32D752A2FF}</UniqueIdentifier>
      <Extensions>cpp;c;cc;cxx;def;odl;idl;hpj;bat;asm;asmx</Extensions>
    </Filter>
    <Filter Include="Header Files">
      <UniqueIdentifier>{93995380-89BD-4b04-88EB-625FBE52EBFB}</UniqueIdentifier>
      <Extensions>h;hh;hpp;hxx;hm;inl;inc;ipp;xsd</Extensions>
    </Filter>
    <Filter Include="Resource Files">
      <UniqueIdentifier>{67DA6AB6-F800-4c08-8B7A-83BB121AAD01}</UniqueIdentifier>
      <Extensions>rc;ico;cur;bmp;dlg;rc2;rct;bin;rgs;gif;jpg;jpeg;jpe;resx;tiff;tif;png;wav;mfcribbon-ms</Extensions>
    </Filter>
    <Filter Include="Header Files\Deprecated">
      <UniqueIdentifier>{29d27dd0-d4fa-42c0-889b-f454eb91d1d1}</UniqueIdentifier>
    </Filter>
    <Filter Include="Header Files\My">
      <UniqueIdentifier>{cef2fcc7-d164-461e-9b11-11fe241fa159}</UniqueIdentifier>
    </Filter>
    <Filter Include="Header Files\Modules">
      <UniqueIdentifier>{414654fd-037d-4b1f-bad4-61e7c25b3731}</UniqueIdentifier>
    </Filter>
  </ItemGroup>
  <ItemGroup>
    <ClCompile Include="PascalInterpreter.cpp">
      <Filter>Source Files</Filter>
    </ClCompile>
  </ItemGroup>
  <ItemGroup>
    <ClInclude Include="MonoHeader.hpp">
      <Filter>Header Files</Filter>
    </ClInclude>
    <ClInclude Include="AST_templates.hpp">
      <Filter>Header Files\Deprecated</Filter>
    </ClInclude>
    <ClInclude Include="MyExceptions.hpp">
      <Filter>Header Files\My</Filter>
    </ClInclude>
    <ClInclude Include="MyMacros.hpp">
      <Filter>Header Files\My</Filter>
    </ClInclude>
    <ClInclude Include="MyTemplates.hpp">
      <Filter>Header Files\My</Filter>
    </ClInclude>
    <ClInclude Include="AST.hpp">
      <Filter>Header Files\Modules</Filter>
    </ClInclude>
    <ClInclude Include="Lexer.hpp">
      <Filter>Header Files\Modules</Filter>
    </ClInclude>
    <ClInclude Include="Parser.hpp">
      <Filter>Header Files\Modules</Filter>
    </ClInclude>
    <ClInclude Include="Token.hpp">
      <Filter>Header Files\Modules</Filter>
    </ClInclude>
    <ClInclude Include="Interpreter.hpp">
      <Filter>Header Files\Modules</Filter>
    </ClInclude>
    <ClInclude Include="MyDebug.hpp">
      <Filter>Header Files\My</Filter>
    </ClInclude>
    <ClInclude Include="Symbol.hpp">
      <Filter>Header Files\Modules</Filter>
    </ClInclude>
    <ClInclude Include="Operator.hpp">
      <Filter>Header Files</Filter>
    </ClInclude>
  </ItemGroup>
</Project>